
Microsoft Visual Studio Solution File, Format Version 12.00
# Visual Studio Version 16
VisualStudioVersion = 16.0.29728.190
MinimumVisualStudioVersion = 10.0.40219.1
Project("{9A19103F-16F7-4668-BE54-9A1E7A4F7556}") = "TaskMeneger", "TaskMeneger\TaskMeneger.csproj", "{E94EDC7F-AB34-404A-87F9-20FFBA248780}"
EndProject
Project("{FAE04EC0-301F-11D3-BF4B-00C04F79EFBC}") = "TaskMenegerNUnitTest", "TaskMenegerNUnitTest\TaskMenegerNUnitTest.csproj", "{F9BFF4B0-CECC-4086-B945-9B391E597A3E}"
EndProject
Global
	GlobalSection(SolutionConfigurationPlatforms) = preSolution
		Debug|Any CPU = Debug|Any CPU
		Release|Any CPU = Release|Any CPU
	EndGlobalSection
	GlobalSection(ProjectConfigurationPlatforms) = postSolution
		{E94EDC7F-AB34-404A-87F9-20FFBA248780}.Debug|Any CPU.ActiveCfg = Debug|Any CPU
		{E94EDC7F-AB34-404A-87F9-20FFBA248780}.Debug|Any CPU.Build.0 = Debug|Any CPU
		{E94EDC7F-AB34-404A-87F9-20FFBA248780}.Release|Any CPU.ActiveCfg = Release|Any CPU
		{E94EDC7F-AB34-404A-87F9-20FFBA248780}.Release|Any CPU.Build.0 = Release|Any CPU
		{F9BFF4B0-CECC-4086-B945-9B391E597A3E}.Debug|Any CPU.ActiveCfg = Debug|Any CPU
		{F9BFF4B0-CECC-4086-B945-9B391E597A3E}.Debug|Any CPU.Build.0 = Debug|Any CPU
		{F9BFF4B0-CECC-4086-B945-9B391E597A3E}.Release|Any CPU.ActiveCfg = Release|Any CPU
		{F9BFF4B0-CECC-4086-B945-9B391E597A3E}.Release|Any CPU.Build.0 = Release|Any CPU
	EndGlobalSection
	GlobalSection(SolutionProperties) = preSolution
		HideSolutionNode = FALSE
	EndGlobalSection
	GlobalSection(ExtensibilityGlobals) = postSolution
		SolutionGuid = {946C7B2D-F65A-4FFF-8BC5-06ECDD0384E0}
	EndGlobalSection
EndGlobal
